// !$*UTF8*$!
{
	archiveVersion = 1;
	classes = {
	};
	objectVersion = 50;
	objects = {

/* Begin PBXBuildFile section */
		59ED15EB23AB46CF00A2E996 /* AppDelegate.swift in Sources */ = {isa = PBXBuildFile; fileRef = 59ED15EA23AB46CF00A2E996 /* AppDelegate.swift */; };
		59ED15ED23AB46CF00A2E996 /* SceneDelegate.swift in Sources */ = {isa = PBXBuildFile; fileRef = 59ED15EC23AB46CF00A2E996 /* SceneDelegate.swift */; };
		59ED15EF23AB46CF00A2E996 /* ContentView.swift in Sources */ = {isa = PBXBuildFile; fileRef = 59ED15EE23AB46CF00A2E996 /* ContentView.swift */; };
		59ED15F123AB46D100A2E996 /* Assets.xcassets in Resources */ = {isa = PBXBuildFile; fileRef = 59ED15F023AB46D100A2E996 /* Assets.xcassets */; };
		59ED15F423AB46D100A2E996 /* Preview Assets.xcassets in Resources */ = {isa = PBXBuildFile; fileRef = 59ED15F323AB46D100A2E996 /* Preview Assets.xcassets */; };
		59ED15F723AB46D100A2E996 /* LaunchScreen.storyboard in Resources */ = {isa = PBXBuildFile; fileRef = 59ED15F523AB46D100A2E996 /* LaunchScreen.storyboard */; };
		59ED160223AB46D100A2E996 /* DemoTests.swift in Sources */ = {isa = PBXBuildFile; fileRef = 59ED160123AB46D100A2E996 /* DemoTests.swift */; };
		59ED160D23AB46D100A2E996 /* DemoUITests.swift in Sources */ = {isa = PBXBuildFile; fileRef = 59ED160C23AB46D100A2E996 /* DemoUITests.swift */; };
/* End PBXBuildFile section */

/* Begin PBXContainerItemProxy section */
		59ED15FE23AB46D100A2E996 /* PBXContainerItemProxy */ = {
			isa = PBXContainerItemProxy;
			containerPortal = 59ED15DF23AB46CF00A2E996 /* Project object */;
			proxyType = 1;
			remoteGlobalIDString = 59ED15E623AB46CF00A2E996;
			remoteInfo = Demo;
		};
		59ED160923AB46D100A2E996 /* PBXContainerItemProxy */ = {
			isa = PBXContainerItemProxy;
			containerPortal = 59ED15DF23AB46CF00A2E996 /* Project object */;
			proxyType = 1;
			remoteGlobalIDString = 59ED15E623AB46CF00A2E996;
			remoteInfo = Demo;
		};
/* End PBXContainerItemProxy section */

/* Begin PBXFileReference section */
		59ED15E723AB46CF00A2E996 /* Demo.app */ = {isa = PBXFileReference; explicitFileType = wrapper.application; includeInIndex = 0; path = Demo.app; sourceTree = BUILT_PRODUCTS_DIR; };
		59ED15EA23AB46CF00A2E996 /* AppDelegate.swift */ = {isa = PBXFileReference; lastKnownFileType = sourcecode.swift; path = AppDelegate.swift; sourceTree = "<group>"; };
		59ED15EC23AB46CF00A2E996 /* SceneDelegate.swift */ = {isa = PBXFileReference; lastKnownFileType = sourcecode.swift; path = SceneDelegate.swift; sourceTree = "<group>"; };
		59ED15EE23AB46CF00A2E996 /* ContentView.swift */ = {isa = PBXFileReference; lastKnownFileType = sourcecode.swift; path = ContentView.swift; sourceTree = "<group>"; };
		59ED15F023AB46D100A2E996 /* Assets.xcassets */ = {isa = PBXFileReference; lastKnownFileType = folder.assetcatalog; path = Assets.xcassets; sourceTree = "<group>"; };
		59ED15F323AB46D100A2E996 /* Preview Assets.xcassets */ = {isa = PBXFileReference; lastKnownFileType = folder.assetcatalog; path = "Preview Assets.xcassets"; sourceTree = "<group>"; };
		59ED15F623AB46D100A2E996 /* Base */ = {isa = PBXFileReference; lastKnownFileType = file.storyboard; name = Base; path = Base.lproj/LaunchScreen.storyboard; sourceTree = "<group>"; };
		59ED15F823AB46D100A2E996 /* Info.plist */ = {isa = PBXFileReference; lastKnownFileType = text.plist.xml; path = Info.plist; sourceTree = "<group>"; };
		59ED15FD23AB46D100A2E996 /* DemoTests.xctest */ = {isa = PBXFileReference; explicitFileType = wrapper.cfbundle; includeInIndex = 0; path = DemoTests.xctest; sourceTree = BUILT_PRODUCTS_DIR; };
		59ED160123AB46D100A2E996 /* DemoTests.swift */ = {isa = PBXFileReference; lastKnownFileType = sourcecode.swift; path = DemoTests.swift; sourceTree = "<group>"; };
		59ED160323AB46D100A2E996 /* Info.plist */ = {isa = PBXFileReference; lastKnownFileType = text.plist.xml; path = Info.plist; sourceTree = "<group>"; };
		59ED160823AB46D100A2E996 /* DemoUITests.xctest */ = {isa = PBXFileReference; explicitFileType = wrapper.cfbundle; includeInIndex = 0; path = DemoUITests.xctest; sourceTree = BUILT_PRODUCTS_DIR; };
		59ED160C23AB46D100A2E996 /* DemoUITests.swift */ = {isa = PBXFileReference; lastKnownFileType = sourcecode.swift; path = DemoUITests.swift; sourceTree = "<group>"; };
		59ED160E23AB46D100A2E996 /* Info.plist */ = {isa = PBXFileReference; lastKnownFileType = text.plist.xml; path = Info.plist; sourceTree = "<group>"; };
/* End PBXFileReference section */

/* Begin PBXFrameworksBuildPhase section */
		59ED15E423AB46CF00A2E996 /* Frameworks */ = {
			isa = PBXFrameworksBuildPhase;
			buildActionMask = 2147483647;
			files = (
			);
			runOnlyForDeploymentPostprocessing = 0;
		};
		59ED15FA23AB46D100A2E996 /* Frameworks */ = {
			isa = PBXFrameworksBuildPhase;
			buildActionMask = 2147483647;
			files = (
			);
			runOnlyForDeploymentPostprocessing = 0;
		};
		59ED160523AB46D100A2E996 /* Frameworks */ = {
			isa = PBXFrameworksBuildPhase;
			buildActionMask = 2147483647;
			files = (
			);
			runOnlyForDeploymentPostprocessing = 0;
		};
/* End PBXFrameworksBuildPhase section */

/* Begin PBXGroup section */
		59ED15DE23AB46CF00A2E996 = {
			isa = PBXGroup;
			children = (
				59ED15E923AB46CF00A2E996 /* Demo */,
				59ED160023AB46D100A2E996 /* DemoTests */,
				59ED160B23AB46D100A2E996 /* DemoUITests */,
				59ED15E823AB46CF00A2E996 /* Products */,
			);
			sourceTree = "<group>";
		};
		59ED15E823AB46CF00A2E996 /* Products */ = {
			isa = PBXGroup;
			children = (
				59ED15E723AB46CF00A2E996 /* Demo.app */,
				59ED15FD23AB46D100A2E996 /* DemoTests.xctest */,
				59ED160823AB46D100A2E996 /* DemoUITests.xctest */,
			);
			name = Products;
			sourceTree = "<group>";
		};
		59ED15E923AB46CF00A2E996 /* Demo */ = {
			isa = PBXGroup;
			children = (
				59ED15EA23AB46CF00A2E996 /* AppDelegate.swift */,
				59ED15EC23AB46CF00A2E996 /* SceneDelegate.swift */,
				59ED15EE23AB46CF00A2E996 /* ContentView.swift */,
				59ED15F023AB46D100A2E996 /* Assets.xcassets */,
				59ED15F523AB46D100A2E996 /* LaunchScreen.storyboard */,
				59ED15F823AB46D100A2E996 /* Info.plist */,
				59ED15F223AB46D100A2E996 /* Preview Content */,
			);
			path = Demo;
			sourceTree = "<group>";
		};
		59ED15F223AB46D100A2E996 /* Preview Content */ = {
			isa = PBXGroup;
			children = (
				59ED15F323AB46D100A2E996 /* Preview Assets.xcassets */,
			);
			path = "Preview Content";
			sourceTree = "<group>";
		};
		59ED160023AB46D100A2E996 /* DemoTests */ = {
			isa = PBXGroup;
			children = (
				59ED160123AB46D100A2E996 /* DemoTests.swift */,
				59ED160323AB46D100A2E996 /* Info.plist */,
			);
			path = DemoTests;
			sourceTree = "<group>";
		};
		59ED160B23AB46D100A2E996 /* DemoUITests */ = {
			isa = PBXGroup;
			children = (
				59ED160C23AB46D100A2E996 /* DemoUITests.swift */,
				59ED160E23AB46D100A2E996 /* Info.plist */,
			);
			path = DemoUITests;
			sourceTree = "<group>";
		};
/* End PBXGroup section */

/* Begin PBXNativeTarget section */
		59ED15E623AB46CF00A2E996 /* Demo */ = {
			isa = PBXNativeTarget;
			buildConfigurationList = 59ED161123AB46D100A2E996 /* Build configuration list for PBXNativeTarget "Demo" */;
			buildPhases = (
				59ED15E323AB46CF00A2E996 /* Sources */,
				59ED15E423AB46CF00A2E996 /* Frameworks */,
				59ED15E523AB46CF00A2E996 /* Resources */,
			);
			buildRules = (
			);
			dependencies = (
			);
			name = Demo;
			productName = Demo;
			productReference = 59ED15E723AB46CF00A2E996 /* Demo.app */;
			productType = "com.apple.product-type.application";
		};
		59ED15FC23AB46D100A2E996 /* DemoTests */ = {
			isa = PBXNativeTarget;
			buildConfigurationList = 59ED161423AB46D100A2E996 /* Build configuration list for PBXNativeTarget "DemoTests" */;
			buildPhases = (
				59ED15F923AB46D100A2E996 /* Sources */,
				59ED15FA23AB46D100A2E996 /* Frameworks */,
				59ED15FB23AB46D100A2E996 /* Resources */,
			);
			buildRules = (
			);
			dependencies = (
				59ED15FF23AB46D100A2E996 /* PBXTargetDependency */,
			);
			name = DemoTests;
			productName = DemoTests;
			productReference = 59ED15FD23AB46D100A2E996 /* DemoTests.xctest */;
			productType = "com.apple.product-type.bundle.unit-test";
		};
		59ED160723AB46D100A2E996 /* DemoUITests */ = {
			isa = PBXNativeTarget;
			buildConfigurationList = 59ED161723AB46D100A2E996 /* Build configuration list for PBXNativeTarget "DemoUITests" */;
			buildPhases = (
				59ED160423AB46D100A2E996 /* Sources */,
				59ED160523AB46D100A2E996 /* Frameworks */,
				59ED160623AB46D100A2E996 /* Resources */,
			);
			buildRules = (
			);
			dependencies = (
				59ED160A23AB46D100A2E996 /* PBXTargetDependency */,
			);
			name = DemoUITests;
			productName = DemoUITests;
			productReference = 59ED160823AB46D100A2E996 /* DemoUITests.xctest */;
			productType = "com.apple.product-type.bundle.ui-testing";
		};
/* End PBXNativeTarget section */

/* Begin PBXProject section */
		59ED15DF23AB46CF00A2E996 /* Project object */ = {
			isa = PBXProject;
			attributes = {
				LastSwiftUpdateCheck = 1130;
				LastUpgradeCheck = 1130;
				ORGANIZATIONNAME = zengyazhi;
				TargetAttributes = {
					59ED15E623AB46CF00A2E996 = {
						CreatedOnToolsVersion = 11.3;
					};
					59ED15FC23AB46D100A2E996 = {
						CreatedOnToolsVersion = 11.3;
						TestTargetID = 59ED15E623AB46CF00A2E996;
					};
					59ED160723AB46D100A2E996 = {
						CreatedOnToolsVersion = 11.3;
						TestTargetID = 59ED15E623AB46CF00A2E996;
					};
				};
			};
			buildConfigurationList = 59ED15E223AB46CF00A2E996 /* Build configuration list for PBXProject "Demo" */;
			compatibilityVersion = "Xcode 9.3";
			developmentRegion = en;
			hasScannedForEncodings = 0;
			knownRegions = (
				en,
				Base,
			);
			mainGroup = 59ED15DE23AB46CF00A2E996;
			productRefGroup = 59ED15E823AB46CF00A2E996 /* Products */;
			projectDirPath = "";
			projectRoot = "";
			targets = (
				59ED15E623AB46CF00A2E996 /* Demo */,
				59ED15FC23AB46D100A2E996 /* DemoTests */,
				59ED160723AB46D100A2E996 /* DemoUITests */,
			);
		};
/* End PBXProject section */

/* Begin PBXResourcesBuildPhase section */
		59ED15E523AB46CF00A2E996 /* Resources */ = {
			isa = PBXResourcesBuildPhase;
			buildActionMask = 2147483647;
			files = (
				59ED15F723AB46D100A2E996 /* LaunchScreen.storyboard in Resources */,
				59ED15F423AB46D100A2E996 /* Preview Assets.xcassets in Resources */,
				59ED15F123AB46D100A2E996 /* Assets.xcassets in Resources */,
			);
			runOnlyForDeploymentPostprocessing = 0;
		};
		59ED15FB23AB46D100A2E996 /* Resources */ = {
			isa = PBXResourcesBuildPhase;
			buildActionMask = 2147483647;
			files = (
			);
			runOnlyForDeploymentPostprocessing = 0;
		};
		59ED160623AB46D100A2E996 /* Resources */ = {
			isa = PBXResourcesBuildPhase;
			buildActionMask = 2147483647;
			files = (
			);
			runOnlyForDeploymentPostprocessing = 0;
		};
/* End PBXResourcesBuildPhase section */

/* Begin PBXSourcesBuildPhase section */
		59ED15E323AB46CF00A2E996 /* Sources */ = {
			isa = PBXSourcesBuildPhase;
			buildActionMask = 2147483647;
			files = (
				59ED15EB23AB46CF00A2E996 /* AppDelegate.swift in Sources */,
				59ED15ED23AB46CF00A2E996 /* SceneDelegate.swift in Sources */,
				59ED15EF23AB46CF00A2E996 /* ContentView.swift in Sources */,
			);
			runOnlyForDeploymentPostprocessing = 0;
		};
		59ED15F923AB46D100A2E996 /* Sources */ = {
			isa = PBXSourcesBuildPhase;
			buildActionMask = 2147483647;
			files = (
				59ED160223AB46D100A2E996 /* DemoTests.swift in Sources */,
			);
			runOnlyForDeploymentPostprocessing = 0;
		};
		59ED160423AB46D100A2E996 /* Sources */ = {
			isa = PBXSourcesBuildPhase;
			buildActionMask = 2147483647;
			files = (
				59ED160D23AB46D100A2E996 /* DemoUITests.swift in Sources */,
			);
			runOnlyForDeploymentPostprocessing = 0;
		};
/* End PBXSourcesBuildPhase section */

/* Begin PBXTargetDependency section */
		59ED15FF23AB46D100A2E996 /* PBXTargetDependency */ = {
			isa = PBXTargetDependency;
			target = 59ED15E623AB46CF00A2E996 /* Demo */;
			targetProxy = 59ED15FE23AB46D100A2E996 /* PBXContainerItemProxy */;
		};
		59ED160A23AB46D100A2E996 /* PBXTargetDependency */ = {
			isa = PBXTargetDependency;
			target = 59ED15E623AB46CF00A2E996 /* Demo */;
			targetProxy = 59ED160923AB46D100A2E996 /* PBXContainerItemProxy */;
		};
/* End PBXTargetDependency section */

/* Begin PBXVariantGroup section */
		59ED15F523AB46D100A2E996 /* LaunchScreen.storyboard */ = {
			isa = PBXVariantGroup;
			children = (
				59ED15F623AB46D100A2E996 /* Base */,
			);
			name = LaunchScreen.storyboard;
			sourceTree = "<group>";
		};
/* End PBXVariantGroup section */

/* Begin XCBuildConfiguration section */
		59ED160F23AB46D100A2E996 /* Debug */ = {
			isa = XCBuildConfiguration;
			buildSettings = {
				ALWAYS_SEARCH_USER_PATHS = NO;
				CLANG_ANALYZER_NONNULL = YES;
				CLANG_ANALYZER_NUMBER_OBJECT_CONVERSION = YES_AGGRESSIVE;
				CLANG_CXX_LANGUAGE_STANDARD = "gnu++14";
				CLANG_CXX_LIBRARY = "libc++";
				CLANG_ENABLE_MODULES = YES;
				CLANG_ENABLE_OBJC_ARC = YES;
				CLANG_ENABLE_OBJC_WEAK = YES;
				CLANG_WARN_BLOCK_CAPTURE_AUTORELEASING = YES;
				CLANG_WARN_BOOL_CONVERSION = YES;
				CLANG_WARN_COMMA = YES;
				CLANG_WARN_CONSTANT_CONVERSION = YES;
				CLANG_WARN_DEPRECATED_OBJC_IMPLEMENTATIONS = YES;
				CLANG_WARN_DIRECT_OBJC_ISA_USAGE = YES_ERROR;
				CLANG_WARN_DOCUMENTATION_COMMENTS = YES;
				CLANG_WARN_EMPTY_BODY = YES;
				CLANG_WARN_ENUM_CONVERSION = YES;
				CLANG_WARN_INFINITE_RECURSION = YES;
				CLANG_WARN_INT_CONVERSION = YES;
				CLANG_WARN_NON_LITERAL_NULL_CONVERSION = YES;
				CLANG_WARN_OBJC_IMPLICIT_RETAIN_SELF = YES;
				CLANG_WARN_OBJC_LITERAL_CONVERSION = YES;
				CLANG_WARN_OBJC_ROOT_CLASS = YES_ERROR;
				CLANG_WARN_RANGE_LOOP_ANALYSIS = YES;
				CLANG_WARN_STRICT_PROTOTYPES = YES;
				CLANG_WARN_SUSPICIOUS_MOVE = YES;
				CLANG_WARN_UNGUARDED_AVAILABILITY = YES_AGGRESSIVE;
				CLANG_WARN_UNREACHABLE_CODE = YES;
				CLANG_WARN__DUPLICATE_METHOD_MATCH = YES;
				COPY_PHASE_STRIP = NO;
				DEBUG_INFORMATION_FORMAT = dwarf;
				ENABLE_STRICT_OBJC_MSGSEND = YES;
				ENABLE_TESTABILITY = YES;
				GCC_C_LANGUAGE_STANDARD = gnu11;
				GCC_DYNAMIC_NO_PIC = NO;
				GCC_NO_COMMON_BLOCKS = YES;
				GCC_OPTIMIZATION_LEVEL = 0;
				GCC_PREPROCESSOR_DEFINITIONS = (
					"DEBUG=1",
					"$(inherited)",
				);
				GCC_WARN_64_TO_32_BIT_CONVERSION = YES;
				GCC_WARN_ABOUT_RETURN_TYPE = YES_ERROR;
				GCC_WARN_UNDECLARED_SELECTOR = YES;
				GCC_WARN_UNINITIALIZED_AUTOS = YES_AGGRESSIVE;
				GCC_WARN_UNUSED_FUNCTION = YES;
				GCC_WARN_UNUSED_VARIABLE = YES;
				IPHONEOS_DEPLOYMENT_TARGET = 13.2;
				MTL_ENABLE_DEBUG_INFO = INCLUDE_SOURCE;
				MTL_FAST_MATH = YES;
				ONLY_ACTIVE_ARCH = YES;
				SDKROOT = iphoneos;
				SWIFT_ACTIVE_COMPILATION_CONDITIONS = DEBUG;
				SWIFT_OPTIMIZATION_LEVEL = "-Onone";
			};
			name = Debug;
		};
		59ED161023AB46D100A2E996 /* Release */ = {
			isa = XCBuildConfiguration;
			buildSettings = {
				ALWAYS_SEARCH_USER_PATHS = NO;
				CLANG_ANALYZER_NONNULL = YES;
				CLANG_ANALYZER_NUMBER_OBJECT_CONVERSION = YES_AGGRESSIVE;
				CLANG_CXX_LANGUAGE_STANDARD = "gnu++14";
				CLANG_CXX_LIBRARY = "libc++";
				CLANG_ENABLE_MODULES = YES;
				CLANG_ENABLE_OBJC_ARC = YES;
				CLANG_ENABLE_OBJC_WEAK = YES;
				CLANG_WARN_BLOCK_CAPTURE_AUTORELEASING = YES;
				CLANG_WARN_BOOL_CONVERSION = YES;
				CLANG_WARN_COMMA = YES;
				CLANG_WARN_CONSTANT_CONVERSION = YES;
				CLANG_WARN_DEPRECATED_OBJC_IMPLEMENTATIONS = YES;
				CLANG_WARN_DIRECT_OBJC_ISA_USAGE = YES_ERROR;
				CLANG_WARN_DOCUMENTATION_COMMENTS = YES;
				CLANG_WARN_EMPTY_BODY = YES;
				CLANG_WARN_ENUM_CONVERSION = YES;
				CLANG_WARN_INFINITE_RECURSION = YES;
				CLANG_WARN_INT_CONVERSION = YES;
				CLANG_WARN_NON_LITERAL_NULL_CONVERSION = YES;
				CLANG_WARN_OBJC_IMPLICIT_RETAIN_SELF = YES;
				CLANG_WARN_OBJC_LITERAL_CONVERSION = YES;
				CLANG_WARN_OBJC_ROOT_CLASS = YES_ERROR;
				CLANG_WARN_RANGE_LOOP_ANALYSIS = YES;
				CLANG_WARN_STRICT_PROTOTYPES = YES;
				CLANG_WARN_SUSPICIOUS_MOVE = YES;
				CLANG_WARN_UNGUARDED_AVAILABILITY = YES_AGGRESSIVE;
				CLANG_WARN_UNREACHABLE_CODE = YES;
				CLANG_WARN__DUPLICATE_METHOD_MATCH = YES;
				COPY_PHASE_STRIP = NO;
				DEBUG_INFORMATION_FORMAT = "dwarf-with-dsym";
				ENABLE_NS_ASSERTIONS = NO;
				ENABLE_STRICT_OBJC_MSGSEND = YES;
				GCC_C_LANGUAGE_STANDARD = gnu11;
				GCC_NO_COMMON_BLOCKS = YES;
				GCC_WARN_64_TO_32_BIT_CONVERSION = YES;
				GCC_WARN_ABOUT_RETURN_TYPE = YES_ERROR;
				GCC_WARN_UNDECLARED_SELECTOR = YES;
				GCC_WARN_UNINITIALIZED_AUTOS = YES_AGGRESSIVE;
				GCC_WARN_UNUSED_FUNCTION = YES;
				GCC_WARN_UNUSED_VARIABLE = YES;
				IPHONEOS_DEPLOYMENT_TARGET = 13.2;
				MTL_ENABLE_DEBUG_INFO = NO;
				MTL_FAST_MATH = YES;
				SDKROOT = iphoneos;
				SWIFT_COMPILATION_MODE = wholemodule;
				SWIFT_OPTIMIZATION_LEVEL = "-O";
				VALIDATE_PRODUCT = YES;
			};
			name = Release;
		};
		59ED161223AB46D100A2E996 /* Debug */ = {
			isa = XCBuildConfiguration;
			buildSettings = {
				ASSETCATALOG_COMPILER_APPICON_NAME = AppIcon;
				CODE_SIGN_STYLE = Automatic;
				DEVELOPMENT_ASSET_PATHS = "\"Demo/Preview Content\"";
				DEVELOPMENT_TEAM = GS2C6UTA73;
				ENABLE_PREVIEWS = YES;
				INFOPLIST_FILE = Demo/Info.plist;
				LD_RUNPATH_SEARCH_PATHS = (
					"$(inherited)",
					"@executable_path/Frameworks",
				);
				PRODUCT_BUNDLE_IDENTIFIER = com.yazhidev.Demo;
				PRODUCT_NAME = "$(TARGET_NAME)";
				SWIFT_VERSION = 5.0;
				TARGETED_DEVICE_FAMILY = "1,2";
			};
			name = Debug;
		};
		59ED161323AB46D100A2E996 /* Release */ = {
			isa = XCBuildConfiguration;
			buildSettings = {
				ASSETCATALOG_COMPILER_APPICON_NAME = AppIcon;
				CODE_SIGN_STYLE = Automatic;
				DEVELOPMENT_ASSET_PATHS = "\"Demo/Preview Content\"";
				DEVELOPMENT_TEAM = GS2C6UTA73;
				ENABLE_PREVIEWS = YES;
				INFOPLIST_FILE = Demo/Info.plist;
				LD_RUNPATH_SEARCH_PATHS = (
					"$(inherited)",
					"@executable_path/Frameworks",
				);
				PRODUCT_BUNDLE_IDENTIFIER = com.yazhidev.Demo;
				PRODUCT_NAME = "$(TARGET_NAME)";
				SWIFT_VERSION = 5.0;
				TARGETED_DEVICE_FAMILY = "1,2";
			};
			name = Release;
		};
		59ED161523AB46D100A2E996 /* Debug */ = {
			isa = XCBuildConfiguration;
			buildSettings = {
				ALWAYS_EMBED_SWIFT_STANDARD_LIBRARIES = YES;
				BUNDLE_LOADER = "$(TEST_HOST)";
				CODE_SIGN_STYLE = Automatic;
				DEVELOPMENT_TEAM = GS2C6UTA73;
				INFOPLIST_FILE = DemoTests/Info.plist;
				IPHONEOS_DEPLOYMENT_TARGET = 13.2;
				LD_RUNPATH_SEARCH_PATHS = (
					"$(inherited)",
					"@executable_path/Frameworks",
					"@loader_path/Frameworks",
				);
				PRODUCT_BUNDLE_IDENTIFIER = com.yazhidev.DemoTests;
				PRODUCT_NAME = "$(TARGET_NAME)";
				SWIFT_VERSION = 5.0;
				TARGETED_DEVICE_FAMILY = "1,2";
				TEST_HOST = "$(BUILT_PRODUCTS_DIR)/Demo.app/Demo";
			};
			name = Debug;
		};
		59ED161623AB46D100A2E996 /* Release */ = {
			isa = XCBuildConfiguration;
			buildSettings = {
				ALWAYS_EMBED_SWIFT_STANDARD_LIBRARIES = YES;
				BUNDLE_LOADER = "$(TEST_HOST)";
				CODE_SIGN_STYLE = Automatic;
				DEVELOPMENT_TEAM = GS2C6UTA73;
				INFOPLIST_FILE = DemoTests/Info.plist;
				IPHONEOS_DEPLOYMENT_TARGET = 13.2;
				LD_RUNPATH_SEARCH_PATHS = (
					"$(inherited)",
					"@executable_path/Frameworks",
					"@loader_path/Frameworks",
				);
				PRODUCT_BUNDLE_IDENTIFIER = com.yazhidev.DemoTests;
				PRODUCT_NAME = "$(TARGET_NAME)";
				SWIFT_VERSION = 5.0;
				TARGETED_DEVICE_FAMILY = "1,2";
				TEST_HOST = "$(BUILT_PRODUCTS_DIR)/Demo.app/Demo";
			};
			name = Release;
		};
		59ED161823AB46D100A2E996 /* Debug */ = {
			isa = XCBuildConfiguration;
			buildSettings = {
				ALWAYS_EMBED_SWIFT_STANDARD_LIBRARIES = YES;
				CODE_SIGN_STYLE = Automatic;
				DEVELOPMENT_TEAM = GS2C6UTA73;
				INFOPLIST_FILE = DemoUITests/Info.plist;
				LD_RUNPATH_SEARCH_PATHS = (
					"$(inherited)",
					"@executable_path/Frameworks",
					"@loader_path/Frameworks",
				);
				PRODUCT_BUNDLE_IDENTIFIER = com.yazhidev.DemoUITests;
				PRODUCT_NAME = "$(TARGET_NAME)";
				SWIFT_VERSION = 5.0;
				TARGETED_DEVICE_FAMILY = "1,2";
				TEST_TARGET_NAME = Demo;
			};
			name = Debug;
		};
		59ED161923AB46D100A2E996 /* Release */ = {
			isa = XCBuildConfiguration;
			buildSettings = {
				ALWAYS_EMBED_SWIFT_STANDARD_LIBRARIES = YES;
				CODE_SIGN_STYLE = Automatic;
				DEVELOPMENT_TEAM = GS2C6UTA73;
				INFOPLIST_FILE = DemoUITests/Info.plist;
				LD_RUNPATH_SEARCH_PATHS = (
					"$(inherited)",
					"@executable_path/Frameworks",
					"@loader_path/Frameworks",
				);
				PRODUCT_BUNDLE_IDENTIFIER = com.yazhidev.DemoUITests;
				PRODUCT_NAME = "$(TARGET_NAME)";
				SWIFT_VERSION = 5.0;
				TARGETED_DEVICE_FAMILY = "1,2";
				TEST_TARGET_NAME = Demo;
			};
			name = Release;
		};
/* End XCBuildConfiguration section */

/* Begin XCConfigurationList section */
		59ED15E223AB46CF00A2E996 /* Build configuration list for PBXProject "Demo" */ = {
			isa = XCConfigurationList;
			buildConfigurations = (
				59ED160F23AB46D100A2E996 /* Debug */,
				59ED161023AB46D100A2E996 /* Release */,
			);
			defaultConfigurationIsVisible = 0;
			defaultConfigurationName = Release;
		};
		59ED161123AB46D100A2E996 /* Build configuration list for PBXNativeTarget "Demo" */ = {
			isa = XCConfigurationList;
			buildConfigurations = (
				59ED161223AB46D100A2E996 /* Debug */,
				59ED161323AB46D100A2E996 /* Release */,
			);
			defaultConfigurationIsVisible = 0;
			defaultConfigurationName = Release;
		};
		59ED161423AB46D100A2E996 /* Build configuration list for PBXNativeTarget "DemoTests" */ = {
			isa = XCConfigurationList;
			buildConfigurations = (
				59ED161523AB46D100A2E996 /* Debug */,
				59ED161623AB46D100A2E996 /* Release */,
			);
			defaultConfigurationIsVisible = 0;
			defaultConfigurationName = Release;
		};
		59ED161723AB46D100A2E996 /* Build configuration list for PBXNativeTarget "DemoUITests" */ = {
			isa = XCConfigurationList;
			buildConfigurations = (
				59ED161823AB46D100A2E996 /* Debug */,
				59ED161923AB46D100A2E996 /* Release */,
			);
			defaultConfigurationIsVisible = 0;
			defaultConfigurationName = Release;
		};
/* End XCConfigurationList section */
	};
	rootObject = 59ED15DF23AB46CF00A2E996 /* Project object */;
}
